
Microsoft Visual Studio Solution File, Format Version 12.00
Project("{FAE04EC0-301F-11D3-BF4B-00C04F79EFBC}") = "car-shop.api", "car-shop.api\car-shop.api.csproj", "{0BC751CA-3B6D-406A-8447-79FBF473259A}"
EndProject
Project("{FAE04EC0-301F-11D3-BF4B-00C04F79EFBC}") = "car-shop.domain", "car-shop.domain\car-shop.domain.csproj", "{055B1C8F-EBC7-41CC-AEA3-5436256FB4CC}"
EndProject
Project("{FAE04EC0-301F-11D3-BF4B-00C04F79EFBC}") = "car-shop.infra", "car-shop.infra\car-shop.infra.csproj", "{F460A767-FA51-4406-9D76-A78DD531062E}"
EndProject
Project("{FAE04EC0-301F-11D3-BF4B-00C04F79EFBC}") = "car-shop.client", "car-shop.client\car-shop.client.csproj", "{037A1A3F-33D0-474F-A5D9-018EF222522D}"
EndProject
Global
	GlobalSection(SolutionConfigurationPlatforms) = preSolution
		Debug|Any CPU = Debug|Any CPU
		Release|Any CPU = Release|Any CPU
	EndGlobalSection
	GlobalSection(ProjectConfigurationPlatforms) = postSolution
		{0BC751CA-3B6D-406A-8447-79FBF473259A}.Debug|Any CPU.ActiveCfg = Debug|Any CPU
		{0BC751CA-3B6D-406A-8447-79FBF473259A}.Debug|Any CPU.Build.0 = Debug|Any CPU
		{0BC751CA-3B6D-406A-8447-79FBF473259A}.Release|Any CPU.ActiveCfg = Release|Any CPU
		{0BC751CA-3B6D-406A-8447-79FBF473259A}.Release|Any CPU.Build.0 = Release|Any CPU
		{055B1C8F-EBC7-41CC-AEA3-5436256FB4CC}.Debug|Any CPU.ActiveCfg = Debug|Any CPU
		{055B1C8F-EBC7-41CC-AEA3-5436256FB4CC}.Debug|Any CPU.Build.0 = Debug|Any CPU
		{055B1C8F-EBC7-41CC-AEA3-5436256FB4CC}.Release|Any CPU.ActiveCfg = Release|Any CPU
		{055B1C8F-EBC7-41CC-AEA3-5436256FB4CC}.Release|Any CPU.Build.0 = Release|Any CPU
		{F460A767-FA51-4406-9D76-A78DD531062E}.Debug|Any CPU.ActiveCfg = Debug|Any CPU
		{F460A767-FA51-4406-9D76-A78DD531062E}.Debug|Any CPU.Build.0 = Debug|Any CPU
		{F460A767-FA51-4406-9D76-A78DD531062E}.Release|Any CPU.ActiveCfg = Release|Any CPU
		{F460A767-FA51-4406-9D76-A78DD531062E}.Release|Any CPU.Build.0 = Release|Any CPU
		{037A1A3F-33D0-474F-A5D9-018EF222522D}.Debug|Any CPU.ActiveCfg = Debug|Any CPU
		{037A1A3F-33D0-474F-A5D9-018EF222522D}.Debug|Any CPU.Build.0 = Debug|Any CPU
		{037A1A3F-33D0-474F-A5D9-018EF222522D}.Release|Any CPU.ActiveCfg = Release|Any CPU
		{037A1A3F-33D0-474F-A5D9-018EF222522D}.Release|Any CPU.Build.0 = Release|Any CPU
	EndGlobalSection
EndGlobal
